<?xml version="1.0" encoding="utf-8"?>
<Project ToolsVersion="4.0" xmlns="http://schemas.microsoft.com/developer/msbuild/2003">
  <ItemGroup>
    <Filter Include="Fichiers sources">
      <UniqueIdentifier>{4FC737F1-C7A5-4376-A066-2A32D752A2FF}</UniqueIdentifier>
      <Extensions>cpp;c;cc;cxx;c++;cppm;ixx;def;odl;idl;hpj;bat;asm;asmx</Extensions>
    </Filter>
    <Filter Include="Fichiers d%27en-tête">
      <UniqueIdentifier>{93995380-89BD-4b04-88EB-625FBE52EBFB}</UniqueIdentifier>
      <Extensions>h;hh;hpp;hxx;h++;hm;inl;inc;ipp;xsd</Extensions>
    </Filter>
    <Filter Include="Fichiers de ressources">
      <UniqueIdentifier>{67DA6AB6-F800-4c08-8B7A-83BB121AAD01}</UniqueIdentifier>
      <Extensions>rc;ico;cur;bmp;dlg;rc2;rct;bin;rgs;gif;jpg;jpeg;jpe;resx;tiff;tif;png;wav;mfcribbon-ms</Extensions>
    </Filter>
    <Filter Include="Fichiers d%27en-tête\DebugEngine">
      <UniqueIdentifier>{abe37f5b-45a9-4aac-9771-9e406f279ca3}</UniqueIdentifier>
    </Filter>
    <Filter Include="Fichiers d%27en-tête\CoreEngine">
      <UniqueIdentifier>{8f06b3a6-919a-48ac-8cef-afde24ca7ebc}</UniqueIdentifier>
    </Filter>
    <Filter Include="Fichiers sources\CoreEngine">
      <UniqueIdentifier>{e456e693-f011-4afc-8f15-6852c1d779fb}</UniqueIdentifier>
    </Filter>
    <Filter Include="Fichiers d%27en-tête\MathEngine">
      <UniqueIdentifier>{025e5474-4b22-4e34-aab6-9bf5eeddc585}</UniqueIdentifier>
    </Filter>
    <Filter Include="Fichiers d%27en-tête\MainEngine">
      <UniqueIdentifier>{253cabbb-7aa0-4681-8a2d-69b0f9a2e54e}</UniqueIdentifier>
    </Filter>
    <Filter Include="Fichiers sources\MainEngine">
      <UniqueIdentifier>{50541b70-3388-4e33-890c-aafc9f50d33f}</UniqueIdentifier>
    </Filter>
    <Filter Include="Fichiers d%27en-tête\GraphicsEngine">
      <UniqueIdentifier>{c1e9e56e-8859-4ccc-b220-3f4fc40a7f97}</UniqueIdentifier>
    </Filter>
    <Filter Include="Fichiers sources\GraphicsEngine">
      <UniqueIdentifier>{9f35637a-bfd0-41c0-b7d6-e9c94a7bb856}</UniqueIdentifier>
    </Filter>
    <Filter Include="Fichiers d%27en-tête\MainEngine\Actors">
      <UniqueIdentifier>{a3ffccab-2694-44c3-bf02-17a6a4565356}</UniqueIdentifier>
    </Filter>
    <Filter Include="Fichiers d%27en-tête\MainEngine\Components">
      <UniqueIdentifier>{79af6be3-2d19-4db6-97db-c4167a7b26dc}</UniqueIdentifier>
    </Filter>
    <Filter Include="Fichiers d%27en-tête\MainEngine\Controllers">
      <UniqueIdentifier>{64b609af-6415-4fe8-b9dd-91ff6515c7d5}</UniqueIdentifier>
    </Filter>
    <Filter Include="Fichiers sources\MainEngine\Actors">
      <UniqueIdentifier>{97d24a92-9e85-4020-94ab-9b0e496f2e0e}</UniqueIdentifier>
    </Filter>
    <Filter Include="Fichiers sources\MainEngine\Components">
      <UniqueIdentifier>{a8d7f96d-79bf-4176-a76e-b60b1b0a51e9}</UniqueIdentifier>
    </Filter>
    <Filter Include="Fichiers sources\MainEngine\Controllers">
      <UniqueIdentifier>{5ec9ae51-cf15-42dc-8d7d-369ed8e8b517}</UniqueIdentifier>
    </Filter>
    <Filter Include="Fichiers sources\Test">
      <UniqueIdentifier>{11ab1183-1089-4198-b435-c9359706ed6f}</UniqueIdentifier>
    </Filter>
    <Filter Include="Fichiers d%27en-tête\AudioEngine">
      <UniqueIdentifier>{c30b18a4-36ec-47bb-b631-b63a0533d8ab}</UniqueIdentifier>
    </Filter>
    <Filter Include="Fichiers sources\AudioEngine">
      <UniqueIdentifier>{1c0f9eb5-5f9c-416c-b3ce-d64ac5cfa218}</UniqueIdentifier>
    </Filter>
    <Filter Include="Fichiers d%27en-tête\Test">
      <UniqueIdentifier>{c393fc0d-195a-4eee-bc1b-677851cac466}</UniqueIdentifier>
    </Filter>
    <Filter Include="Fichiers sources\DebugEngine">
      <UniqueIdentifier>{596d2dc3-938c-4ffe-b1f8-333e0065545c}</UniqueIdentifier>
    </Filter>
  </ItemGroup>
  <ItemGroup>
    <ClCompile Include="Main.cpp">
      <Filter>Fichiers sources</Filter>
    </ClCompile>
    <ClCompile Include="Window.cpp">
      <Filter>Fichiers sources\CoreEngine</Filter>
    </ClCompile>
    <ClCompile Include="Keyboard.cpp">
      <Filter>Fichiers sources\CoreEngine</Filter>
    </ClCompile>
    <ClCompile Include="Mouse.cpp">
      <Filter>Fichiers sources\CoreEngine</Filter>
    </ClCompile>
    <ClCompile Include="Engine.cpp">
      <Filter>Fichiers sources\MainEngine</Filter>
    </ClCompile>
    <ClCompile Include="Graphics.cpp">
      <Filter>Fichiers sources\GraphicsEngine</Filter>
    </ClCompile>
    <ClCompile Include="VKDevice.cpp">
      <Filter>Fichiers sources\GraphicsEngine</Filter>
    </ClCompile>
    <ClCompile Include="VKSwapChain.cpp">
      <Filter>Fichiers sources\GraphicsEngine</Filter>
    </ClCompile>
    <ClCompile Include="VKPipeLine.cpp">
      <Filter>Fichiers sources\GraphicsEngine</Filter>
    </ClCompile>
    <ClCompile Include="VKTexture.cpp">
      <Filter>Fichiers sources\GraphicsEngine</Filter>
    </ClCompile>
    <ClCompile Include="VKModel.cpp">
      <Filter>Fichiers sources\GraphicsEngine</Filter>
    </ClCompile>
    <ClCompile Include="VKDescriptor.cpp">
      <Filter>Fichiers sources\GraphicsEngine</Filter>
    </ClCompile>
    <ClCompile Include="TextureFactory.cpp">
      <Filter>Fichiers sources\GraphicsEngine</Filter>
    </ClCompile>
    <ClCompile Include="ModelFactory.cpp">
      <Filter>Fichiers sources\GraphicsEngine</Filter>
    </ClCompile>
    <ClCompile Include="Mesh.cpp">
      <Filter>Fichiers sources\GraphicsEngine</Filter>
    </ClCompile>
    <ClCompile Include="Material.cpp">
      <Filter>Fichiers sources\GraphicsEngine</Filter>
    </ClCompile>
    <ClCompile Include="Actor.cpp">
      <Filter>Fichiers sources\MainEngine\Actors</Filter>
    </ClCompile>
    <ClCompile Include="Pawn.cpp">
      <Filter>Fichiers sources\MainEngine\Actors</Filter>
    </ClCompile>
    <ClCompile Include="Component.cpp">
      <Filter>Fichiers sources\MainEngine\Components</Filter>
    </ClCompile>
    <ClCompile Include="Controller.cpp">
      <Filter>Fichiers sources\MainEngine\Controllers</Filter>
    </ClCompile>
    <ClCompile Include="SceneComponent.cpp">
      <Filter>Fichiers sources\MainEngine\Components</Filter>
    </ClCompile>
    <ClCompile Include="CameraComponent.cpp">
      <Filter>Fichiers sources\MainEngine\Components</Filter>
    </ClCompile>
    <ClCompile Include="MeshComponent.cpp">
      <Filter>Fichiers sources\MainEngine\Components</Filter>
    </ClCompile>
    <ClCompile Include="ColliderComponent.cpp">
      <Filter>Fichiers sources\MainEngine\Components</Filter>
    </ClCompile>
    <ClCompile Include="CameraManager.cpp">
      <Filter>Fichiers sources\MainEngine</Filter>
    </ClCompile>
    <ClCompile Include="Timer.cpp">
      <Filter>Fichiers sources\CoreEngine</Filter>
    </ClCompile>
    <ClCompile Include="DemoPawn.cpp">
      <Filter>Fichiers sources\Test</Filter>
    </ClCompile>
    <ClCompile Include="DemoRat.cpp">
      <Filter>Fichiers sources\Test</Filter>
    </ClCompile>
    <ClCompile Include="MaterialFactory.cpp">
      <Filter>Fichiers sources\GraphicsEngine</Filter>
    </ClCompile>
    <ClCompile Include="VKUniformBuffer.cpp">
      <Filter>Fichiers sources\GraphicsEngine</Filter>
    </ClCompile>
    <ClCompile Include="SoundSystem.cpp">
      <Filter>Fichiers sources\AudioEngine</Filter>
    </ClCompile>
    <ClCompile Include="ThreadPool.cpp">
      <Filter>Fichiers sources\CoreEngine</Filter>
    </ClCompile>
    <ClCompile Include="BaseLogger.cpp">
      <Filter>Fichiers sources\DebugEngine</Filter>
    </ClCompile>
    <ClCompile Include="ConsoleLogger.cpp">
      <Filter>Fichiers sources\DebugEngine</Filter>
    </ClCompile>
    <ClCompile Include="DebugLogger.cpp">
      <Filter>Fichiers sources\DebugEngine</Filter>
    </ClCompile>
    <ClCompile Include="ErrorLogger.cpp">
      <Filter>Fichiers sources\DebugEngine</Filter>
    </ClCompile>
    <ClCompile Include="LoggerManager.cpp">
      <Filter>Fichiers sources\DebugEngine</Filter>
    </ClCompile>
    <ClCompile Include="LightManager.cpp">
      <Filter>Fichiers sources\MainEngine</Filter>
    </ClCompile>
    <ClCompile Include="World.cpp">
      <Filter>Fichiers sources\MainEngine</Filter>
    </ClCompile>
    <ClCompile Include="DemoPlane.cpp">
      <Filter>Fichiers sources\Test</Filter>
    </ClCompile>
    <ClCompile Include="DemoShrek.cpp">
      <Filter>Fichiers sources\Test</Filter>
    </ClCompile>
    <ClCompile Include="DemoLightAndSound.cpp">
      <Filter>Fichiers sources\Test</Filter>
    </ClCompile>
    <ClCompile Include="WindowEventObserver.cpp">
      <Filter>Fichiers sources\CoreEngine</Filter>
    </ClCompile>
    <ClCompile Include="DemoController.cpp">
      <Filter>Fichiers sources\Test</Filter>
    </ClCompile>
  </ItemGroup>
  <ItemGroup>
    <ClInclude Include="Window.h">
      <Filter>Fichiers d%27en-tête\CoreEngine</Filter>
    </ClInclude>
    <ClInclude Include="EngineException.h">
      <Filter>Fichiers d%27en-tête\DebugEngine</Filter>
    </ClInclude>
    <ClInclude Include="Keyboard.h">
      <Filter>Fichiers d%27en-tête\CoreEngine</Filter>
    </ClInclude>
    <ClInclude Include="Mouse.h">
      <Filter>Fichiers d%27en-tête\CoreEngine</Filter>
    </ClInclude>
    <ClInclude Include="Vec2D.h">
      <Filter>Fichiers d%27en-tête\MathEngine</Filter>
    </ClInclude>
    <ClInclude Include="Engine.h">
      <Filter>Fichiers d%27en-tête\MainEngine</Filter>
    </ClInclude>
    <ClInclude Include="Graphics.h">
      <Filter>Fichiers d%27en-tête\GraphicsEngine</Filter>
    </ClInclude>
    <ClInclude Include="Vulkan.h">
      <Filter>Fichiers d%27en-tête\GraphicsEngine</Filter>
    </ClInclude>
    <ClInclude Include="Vec3D.h">
      <Filter>Fichiers d%27en-tête\MathEngine</Filter>
    </ClInclude>
    <ClInclude Include="Math.h">
      <Filter>Fichiers d%27en-tête\MathEngine</Filter>
    </ClInclude>
    <ClInclude Include="VKDevice.h">
      <Filter>Fichiers d%27en-tête\GraphicsEngine</Filter>
    </ClInclude>
    <ClInclude Include="VKSwapChain.h">
      <Filter>Fichiers d%27en-tête\GraphicsEngine</Filter>
    </ClInclude>
    <ClInclude Include="VKPipeLine.h">
      <Filter>Fichiers d%27en-tête\GraphicsEngine</Filter>
    </ClInclude>
    <ClInclude Include="VKTexture.h">
      <Filter>Fichiers d%27en-tête\GraphicsEngine</Filter>
    </ClInclude>
    <ClInclude Include="VKModel.h">
      <Filter>Fichiers d%27en-tête\GraphicsEngine</Filter>
    </ClInclude>
    <ClInclude Include="VKDescriptor.h">
      <Filter>Fichiers d%27en-tête\GraphicsEngine</Filter>
    </ClInclude>
    <ClInclude Include="VKUniformBuffer.h">
      <Filter>Fichiers d%27en-tête\GraphicsEngine</Filter>
    </ClInclude>
    <ClInclude Include="TextureFactory.h">
      <Filter>Fichiers d%27en-tête\GraphicsEngine</Filter>
    </ClInclude>
    <ClInclude Include="ModelFactory.h">
      <Filter>Fichiers d%27en-tête\GraphicsEngine</Filter>
    </ClInclude>
    <ClInclude Include="Material.h">
      <Filter>Fichiers d%27en-tête\GraphicsEngine</Filter>
    </ClInclude>
    <ClInclude Include="Mesh.h">
      <Filter>Fichiers d%27en-tête\GraphicsEngine</Filter>
    </ClInclude>
    <ClInclude Include="Actor.h">
      <Filter>Fichiers d%27en-tête\MainEngine\Actors</Filter>
    </ClInclude>
    <ClInclude Include="Pawn.h">
      <Filter>Fichiers d%27en-tête\MainEngine\Actors</Filter>
    </ClInclude>
    <ClInclude Include="Component.h">
      <Filter>Fichiers d%27en-tête\MainEngine\Components</Filter>
    </ClInclude>
    <ClInclude Include="Controller.h">
      <Filter>Fichiers d%27en-tête\MainEngine\Controllers</Filter>
    </ClInclude>
    <ClInclude Include="SceneComponent.h">
      <Filter>Fichiers d%27en-tête\MainEngine\Components</Filter>
    </ClInclude>
    <ClInclude Include="MeshComponent.h">
      <Filter>Fichiers d%27en-tête\MainEngine\Components</Filter>
    </ClInclude>
    <ClInclude Include="ColliderComponent.h">
      <Filter>Fichiers d%27en-tête\MainEngine\Components</Filter>
    </ClInclude>
    <ClInclude Include="CameraComponent.h">
      <Filter>Fichiers d%27en-tête\MainEngine\Components</Filter>
    </ClInclude>
    <ClInclude Include="CameraManager.h">
      <Filter>Fichiers d%27en-tête\MainEngine</Filter>
    </ClInclude>
    <ClInclude Include="Rotator.h">
      <Filter>Fichiers d%27en-tête\MathEngine</Filter>
    </ClInclude>
    <ClInclude Include="Transform.h">
      <Filter>Fichiers d%27en-tête\MathEngine</Filter>
    </ClInclude>
    <ClInclude Include="Timer.h">
      <Filter>Fichiers d%27en-tête\CoreEngine</Filter>
    </ClInclude>
    <ClInclude Include="DemoPawn.h">
      <Filter>Fichiers d%27en-tête\Test</Filter>
    </ClInclude>
    <ClInclude Include="DemoRat.h">
      <Filter>Fichiers d%27en-tête\Test</Filter>
    </ClInclude>
    <ClInclude Include="MaterialFactory.h">
      <Filter>Fichiers d%27en-tête\GraphicsEngine</Filter>
    </ClInclude>
    <ClInclude Include="SoundSystem.h">
      <Filter>Fichiers d%27en-tête\AudioEngine</Filter>
    </ClInclude>
    <ClInclude Include="ThreadPool.h">
      <Filter>Fichiers d%27en-tête\CoreEngine</Filter>
    </ClInclude>
    <ClInclude Include="ErrorLogger.h">
      <Filter>Fichiers d%27en-tête\DebugEngine</Filter>
    </ClInclude>
    <ClInclude Include="DebugLogger.h">
      <Filter>Fichiers d%27en-tête\DebugEngine</Filter>
    </ClInclude>
    <ClInclude Include="ConsoleLogger.h">
      <Filter>Fichiers d%27en-tête\DebugEngine</Filter>
    </ClInclude>
    <ClInclude Include="BaseLogger.h">
      <Filter>Fichiers d%27en-tête\DebugEngine</Filter>
    </ClInclude>
    <ClInclude Include="LoggerManager.h">
      <Filter>Fichiers d%27en-tête\DebugEngine</Filter>
    </ClInclude>
    <ClInclude Include="LightManager.h">
      <Filter>Fichiers d%27en-tête\MainEngine</Filter>
    </ClInclude>
    <ClInclude Include="World.h">
      <Filter>Fichiers d%27en-tête\MainEngine</Filter>
    </ClInclude>
    <ClInclude Include="Quaternion.h">
      <Filter>Fichiers d%27en-tête\MathEngine</Filter>
    </ClInclude>
    <ClInclude Include="DemoPlane.h">
      <Filter>Fichiers d%27en-tête\Test</Filter>
    </ClInclude>
    <ClInclude Include="DemoShrek.h">
      <Filter>Fichiers d%27en-tête\Test</Filter>
    </ClInclude>
    <ClInclude Include="DemoLightAndSound.h">
      <Filter>Fichiers d%27en-tête\Test</Filter>
    </ClInclude>
    <ClInclude Include="WindowEventObserver.h">
      <Filter>Fichiers d%27en-tête\CoreEngine</Filter>
    </ClInclude>
    <ClInclude Include="DemoController.h">
      <Filter>Fichiers d%27en-tête\Test</Filter>
    </ClInclude>
  </ItemGroup>
</Project>