<?xml version="1.0" encoding="utf-8"?>
<Project ToolsVersion="4.0" xmlns="http://schemas.microsoft.com/developer/msbuild/2003">
  <ItemGroup>
    <Filter Include="Fichiers sources">
      <UniqueIdentifier>{4FC737F1-C7A5-4376-A066-2A32D752A2FF}</UniqueIdentifier>
      <Extensions>cpp;c;cc;cxx;c++;cppm;ixx;def;odl;idl;hpj;bat;asm;asmx</Extensions>
    </Filter>
    <Filter Include="Fichiers d%27en-tête">
      <UniqueIdentifier>{93995380-89BD-4b04-88EB-625FBE52EBFB}</UniqueIdentifier>
      <Extensions>h;hh;hpp;hxx;h++;hm;inl;inc;ipp;xsd</Extensions>
    </Filter>
    <Filter Include="Fichiers de ressources">
      <UniqueIdentifier>{67DA6AB6-F800-4c08-8B7A-83BB121AAD01}</UniqueIdentifier>
      <Extensions>rc;ico;cur;bmp;dlg;rc2;rct;bin;rgs;gif;jpg;jpeg;jpe;resx;tiff;tif;png;wav;mfcribbon-ms</Extensions>
    </Filter>
    <Filter Include="Fichiers d%27en-tête\DebugEngine">
      <UniqueIdentifier>{abe37f5b-45a9-4aac-9771-9e406f279ca3}</UniqueIdentifier>
    </Filter>
    <Filter Include="Fichiers d%27en-tête\CoreEngine">
      <UniqueIdentifier>{8f06b3a6-919a-48ac-8cef-afde24ca7ebc}</UniqueIdentifier>
    </Filter>
    <Filter Include="Fichiers sources\CoreEngine">
      <UniqueIdentifier>{e456e693-f011-4afc-8f15-6852c1d779fb}</UniqueIdentifier>
    </Filter>
    <Filter Include="Fichiers d%27en-tête\MathEngine">
      <UniqueIdentifier>{025e5474-4b22-4e34-aab6-9bf5eeddc585}</UniqueIdentifier>
    </Filter>
    <Filter Include="Fichiers d%27en-tête\MainEngine">
      <UniqueIdentifier>{253cabbb-7aa0-4681-8a2d-69b0f9a2e54e}</UniqueIdentifier>
    </Filter>
    <Filter Include="Fichiers sources\MainEngine">
      <UniqueIdentifier>{50541b70-3388-4e33-890c-aafc9f50d33f}</UniqueIdentifier>
    </Filter>
    <Filter Include="Fichiers d%27en-tête\GraphicsEngine">
      <UniqueIdentifier>{c1e9e56e-8859-4ccc-b220-3f4fc40a7f97}</UniqueIdentifier>
    </Filter>
    <Filter Include="Fichiers sources\GraphicsEngine">
      <UniqueIdentifier>{9f35637a-bfd0-41c0-b7d6-e9c94a7bb856}</UniqueIdentifier>
    </Filter>
  </ItemGroup>
  <ItemGroup>
    <ClCompile Include="Main.cpp">
      <Filter>Fichiers sources</Filter>
    </ClCompile>
    <ClCompile Include="Window.cpp">
      <Filter>Fichiers sources\CoreEngine</Filter>
    </ClCompile>
    <ClCompile Include="Keyboard.cpp">
      <Filter>Fichiers sources\CoreEngine</Filter>
    </ClCompile>
    <ClCompile Include="Mouse.cpp">
      <Filter>Fichiers sources\CoreEngine</Filter>
    </ClCompile>
    <ClCompile Include="Game.cpp">
      <Filter>Fichiers sources\MainEngine</Filter>
    </ClCompile>
    <ClCompile Include="Graphics.cpp">
      <Filter>Fichiers sources\GraphicsEngine</Filter>
    </ClCompile>
  </ItemGroup>
  <ItemGroup>
    <ClInclude Include="Window.h">
      <Filter>Fichiers d%27en-tête\CoreEngine</Filter>
    </ClInclude>
    <ClInclude Include="EngineException.h">
      <Filter>Fichiers d%27en-tête\DebugEngine</Filter>
    </ClInclude>
    <ClInclude Include="Keyboard.h">
      <Filter>Fichiers d%27en-tête\CoreEngine</Filter>
    </ClInclude>
    <ClInclude Include="Mouse.h">
      <Filter>Fichiers d%27en-tête\CoreEngine</Filter>
    </ClInclude>
    <ClInclude Include="Vec2D.h">
      <Filter>Fichiers d%27en-tête\MathEngine</Filter>
    </ClInclude>
    <ClInclude Include="Game.h">
      <Filter>Fichiers d%27en-tête\MainEngine</Filter>
    </ClInclude>
    <ClInclude Include="Graphics.h">
      <Filter>Fichiers d%27en-tête\GraphicsEngine</Filter>
    </ClInclude>
    <ClInclude Include="Vulkan.h">
      <Filter>Fichiers d%27en-tête\GraphicsEngine</Filter>
    </ClInclude>
    <ClInclude Include="Vec3D.h">
      <Filter>Fichiers d%27en-tête\MathEngine</Filter>
    </ClInclude>
  </ItemGroup>
  <ItemGroup>
    <None Include="shader.vert">
      <Filter>Fichiers de ressources</Filter>
    </None>
    <None Include="shader.frag">
      <Filter>Fichiers de ressources</Filter>
    </None>
  </ItemGroup>
</Project>